
Microsoft Visual Studio Solution File, Format Version 12.00
# Visual Studio 15
VisualStudioVersion = 15.0.26124.0
MinimumVisualStudioVersion = 15.0.26124.0
Project("{2150E333-8FDC-42A3-9474-1A3956D46DE8}") = "Src", "Src", "{F509CA01-4B42-4B11-9F37-0DAE4ACF271B}"
EndProject
Project("{FAE04EC0-301F-11D3-BF4B-00C04F79EFBC}") = "Domain", "Src\Domain\Domain.csproj", "{3F3C70AD-B6B5-457C-B4F7-86ED827ED1BC}"
EndProject
Project("{FAE04EC0-301F-11D3-BF4B-00C04F79EFBC}") = "Application", "Src\Application\Application.csproj", "{8FE92013-F2CD-4A3E-8EC0-1E5C6F720B55}"
EndProject
Project("{FAE04EC0-301F-11D3-BF4B-00C04F79EFBC}") = "Infrastructure", "Src\Infrastructure\Infrastructure.csproj", "{F2D61A4D-21E4-4250-931A-AA3F0FFB2D06}"
EndProject
Project("{FAE04EC0-301F-11D3-BF4B-00C04F79EFBC}") = "ModUpdateScheduler", "Src\ModUpdateScheduler\ModUpdateScheduler.csproj", "{3FD15B6E-9AE9-4CE3-9FC6-658434B6ECBC}"
EndProject
Project("{2150E333-8FDC-42A3-9474-1A3956D46DE8}") = "Tests", "Tests", "{2038EAB0-BB8D-4E49-9AF2-EA56DCBC7113}"
EndProject
Project("{FAE04EC0-301F-11D3-BF4B-00C04F79EFBC}") = "Domain.UnitTests", "Tests\Domain.UnitTests\Domain.UnitTests.csproj", "{0FCB793D-134C-4C71-B635-702C7CE11EB2}"
EndProject
Project("{FAE04EC0-301F-11D3-BF4B-00C04F79EFBC}") = "Application.UnitTests", "Tests\Application.UnitTests\Application.UnitTests.csproj", "{66AA41D3-7E2F-4EE2-A0B5-AA78E568B934}"
EndProject
Project("{FAE04EC0-301F-11D3-BF4B-00C04F79EFBC}") = "Infrastructure.UnitTests", "Tests\Infrastructure.UnitTests\Infrastructure.UnitTests.csproj", "{4CC29807-7443-409D-9C3A-A04EE46C971B}"
EndProject
Project("{FAE04EC0-301F-11D3-BF4B-00C04F79EFBC}") = "Infrastructure.IntegrationTests", "Tests\Infrastructure.IntegrationTests\Infrastructure.IntegrationTests.csproj", "{92B413D8-F50E-4E6D-A174-E58ECEFF2E73}"
EndProject
Project("{FAE04EC0-301F-11D3-BF4B-00C04F79EFBC}") = "ModUpdateScheduler.UnitTests", "Tests\ModUpdateScheduler.UnitTests\ModUpdateScheduler.UnitTests.csproj", "{80E3FEEB-CC58-4BF7-8A93-28687E792808}"
EndProject
Global
	GlobalSection(SolutionConfigurationPlatforms) = preSolution
		Debug|Any CPU = Debug|Any CPU
		Debug|x64 = Debug|x64
		Debug|x86 = Debug|x86
		Release|Any CPU = Release|Any CPU
		Release|x64 = Release|x64
		Release|x86 = Release|x86
	EndGlobalSection
	GlobalSection(SolutionProperties) = preSolution
		HideSolutionNode = FALSE
	EndGlobalSection
	GlobalSection(ProjectConfigurationPlatforms) = postSolution
		{3F3C70AD-B6B5-457C-B4F7-86ED827ED1BC}.Debug|Any CPU.ActiveCfg = Debug|Any CPU
		{3F3C70AD-B6B5-457C-B4F7-86ED827ED1BC}.Debug|Any CPU.Build.0 = Debug|Any CPU
		{3F3C70AD-B6B5-457C-B4F7-86ED827ED1BC}.Debug|x64.ActiveCfg = Debug|Any CPU
		{3F3C70AD-B6B5-457C-B4F7-86ED827ED1BC}.Debug|x64.Build.0 = Debug|Any CPU
		{3F3C70AD-B6B5-457C-B4F7-86ED827ED1BC}.Debug|x86.ActiveCfg = Debug|Any CPU
		{3F3C70AD-B6B5-457C-B4F7-86ED827ED1BC}.Debug|x86.Build.0 = Debug|Any CPU
		{3F3C70AD-B6B5-457C-B4F7-86ED827ED1BC}.Release|Any CPU.ActiveCfg = Release|Any CPU
		{3F3C70AD-B6B5-457C-B4F7-86ED827ED1BC}.Release|Any CPU.Build.0 = Release|Any CPU
		{3F3C70AD-B6B5-457C-B4F7-86ED827ED1BC}.Release|x64.ActiveCfg = Release|Any CPU
		{3F3C70AD-B6B5-457C-B4F7-86ED827ED1BC}.Release|x64.Build.0 = Release|Any CPU
		{3F3C70AD-B6B5-457C-B4F7-86ED827ED1BC}.Release|x86.ActiveCfg = Release|Any CPU
		{3F3C70AD-B6B5-457C-B4F7-86ED827ED1BC}.Release|x86.Build.0 = Release|Any CPU
		{8FE92013-F2CD-4A3E-8EC0-1E5C6F720B55}.Debug|Any CPU.ActiveCfg = Debug|Any CPU
		{8FE92013-F2CD-4A3E-8EC0-1E5C6F720B55}.Debug|Any CPU.Build.0 = Debug|Any CPU
		{8FE92013-F2CD-4A3E-8EC0-1E5C6F720B55}.Debug|x64.ActiveCfg = Debug|Any CPU
		{8FE92013-F2CD-4A3E-8EC0-1E5C6F720B55}.Debug|x64.Build.0 = Debug|Any CPU
		{8FE92013-F2CD-4A3E-8EC0-1E5C6F720B55}.Debug|x86.ActiveCfg = Debug|Any CPU
		{8FE92013-F2CD-4A3E-8EC0-1E5C6F720B55}.Debug|x86.Build.0 = Debug|Any CPU
		{8FE92013-F2CD-4A3E-8EC0-1E5C6F720B55}.Release|Any CPU.ActiveCfg = Release|Any CPU
		{8FE92013-F2CD-4A3E-8EC0-1E5C6F720B55}.Release|Any CPU.Build.0 = Release|Any CPU
		{8FE92013-F2CD-4A3E-8EC0-1E5C6F720B55}.Release|x64.ActiveCfg = Release|Any CPU
		{8FE92013-F2CD-4A3E-8EC0-1E5C6F720B55}.Release|x64.Build.0 = Release|Any CPU
		{8FE92013-F2CD-4A3E-8EC0-1E5C6F720B55}.Release|x86.ActiveCfg = Release|Any CPU
		{8FE92013-F2CD-4A3E-8EC0-1E5C6F720B55}.Release|x86.Build.0 = Release|Any CPU
		{F2D61A4D-21E4-4250-931A-AA3F0FFB2D06}.Debug|Any CPU.ActiveCfg = Debug|Any CPU
		{F2D61A4D-21E4-4250-931A-AA3F0FFB2D06}.Debug|Any CPU.Build.0 = Debug|Any CPU
		{F2D61A4D-21E4-4250-931A-AA3F0FFB2D06}.Debug|x64.ActiveCfg = Debug|Any CPU
		{F2D61A4D-21E4-4250-931A-AA3F0FFB2D06}.Debug|x64.Build.0 = Debug|Any CPU
		{F2D61A4D-21E4-4250-931A-AA3F0FFB2D06}.Debug|x86.ActiveCfg = Debug|Any CPU
		{F2D61A4D-21E4-4250-931A-AA3F0FFB2D06}.Debug|x86.Build.0 = Debug|Any CPU
		{F2D61A4D-21E4-4250-931A-AA3F0FFB2D06}.Release|Any CPU.ActiveCfg = Release|Any CPU
		{F2D61A4D-21E4-4250-931A-AA3F0FFB2D06}.Release|Any CPU.Build.0 = Release|Any CPU
		{F2D61A4D-21E4-4250-931A-AA3F0FFB2D06}.Release|x64.ActiveCfg = Release|Any CPU
		{F2D61A4D-21E4-4250-931A-AA3F0FFB2D06}.Release|x64.Build.0 = Release|Any CPU
		{F2D61A4D-21E4-4250-931A-AA3F0FFB2D06}.Release|x86.ActiveCfg = Release|Any CPU
		{F2D61A4D-21E4-4250-931A-AA3F0FFB2D06}.Release|x86.Build.0 = Release|Any CPU
		{3FD15B6E-9AE9-4CE3-9FC6-658434B6ECBC}.Debug|Any CPU.ActiveCfg = Debug|Any CPU
		{3FD15B6E-9AE9-4CE3-9FC6-658434B6ECBC}.Debug|Any CPU.Build.0 = Debug|Any CPU
		{3FD15B6E-9AE9-4CE3-9FC6-658434B6ECBC}.Debug|x64.ActiveCfg = Debug|Any CPU
		{3FD15B6E-9AE9-4CE3-9FC6-658434B6ECBC}.Debug|x64.Build.0 = Debug|Any CPU
		{3FD15B6E-9AE9-4CE3-9FC6-658434B6ECBC}.Debug|x86.ActiveCfg = Debug|Any CPU
		{3FD15B6E-9AE9-4CE3-9FC6-658434B6ECBC}.Debug|x86.Build.0 = Debug|Any CPU
		{3FD15B6E-9AE9-4CE3-9FC6-658434B6ECBC}.Release|Any CPU.ActiveCfg = Release|Any CPU
		{3FD15B6E-9AE9-4CE3-9FC6-658434B6ECBC}.Release|Any CPU.Build.0 = Release|Any CPU
		{3FD15B6E-9AE9-4CE3-9FC6-658434B6ECBC}.Release|x64.ActiveCfg = Release|Any CPU
		{3FD15B6E-9AE9-4CE3-9FC6-658434B6ECBC}.Release|x64.Build.0 = Release|Any CPU
		{3FD15B6E-9AE9-4CE3-9FC6-658434B6ECBC}.Release|x86.ActiveCfg = Release|Any CPU
		{3FD15B6E-9AE9-4CE3-9FC6-658434B6ECBC}.Release|x86.Build.0 = Release|Any CPU
		{0FCB793D-134C-4C71-B635-702C7CE11EB2}.Debug|Any CPU.ActiveCfg = Debug|Any CPU
		{0FCB793D-134C-4C71-B635-702C7CE11EB2}.Debug|Any CPU.Build.0 = Debug|Any CPU
		{0FCB793D-134C-4C71-B635-702C7CE11EB2}.Debug|x64.ActiveCfg = Debug|Any CPU
		{0FCB793D-134C-4C71-B635-702C7CE11EB2}.Debug|x64.Build.0 = Debug|Any CPU
		{0FCB793D-134C-4C71-B635-702C7CE11EB2}.Debug|x86.ActiveCfg = Debug|Any CPU
		{0FCB793D-134C-4C71-B635-702C7CE11EB2}.Debug|x86.Build.0 = Debug|Any CPU
		{0FCB793D-134C-4C71-B635-702C7CE11EB2}.Release|Any CPU.ActiveCfg = Release|Any CPU
		{0FCB793D-134C-4C71-B635-702C7CE11EB2}.Release|Any CPU.Build.0 = Release|Any CPU
		{0FCB793D-134C-4C71-B635-702C7CE11EB2}.Release|x64.ActiveCfg = Release|Any CPU
		{0FCB793D-134C-4C71-B635-702C7CE11EB2}.Release|x64.Build.0 = Release|Any CPU
		{0FCB793D-134C-4C71-B635-702C7CE11EB2}.Release|x86.ActiveCfg = Release|Any CPU
		{0FCB793D-134C-4C71-B635-702C7CE11EB2}.Release|x86.Build.0 = Release|Any CPU
		{66AA41D3-7E2F-4EE2-A0B5-AA78E568B934}.Debug|Any CPU.ActiveCfg = Debug|Any CPU
		{66AA41D3-7E2F-4EE2-A0B5-AA78E568B934}.Debug|Any CPU.Build.0 = Debug|Any CPU
		{66AA41D3-7E2F-4EE2-A0B5-AA78E568B934}.Debug|x64.ActiveCfg = Debug|Any CPU
		{66AA41D3-7E2F-4EE2-A0B5-AA78E568B934}.Debug|x64.Build.0 = Debug|Any CPU
		{66AA41D3-7E2F-4EE2-A0B5-AA78E568B934}.Debug|x86.ActiveCfg = Debug|Any CPU
		{66AA41D3-7E2F-4EE2-A0B5-AA78E568B934}.Debug|x86.Build.0 = Debug|Any CPU
		{66AA41D3-7E2F-4EE2-A0B5-AA78E568B934}.Release|Any CPU.ActiveCfg = Release|Any CPU
		{66AA41D3-7E2F-4EE2-A0B5-AA78E568B934}.Release|Any CPU.Build.0 = Release|Any CPU
		{66AA41D3-7E2F-4EE2-A0B5-AA78E568B934}.Release|x64.ActiveCfg = Release|Any CPU
		{66AA41D3-7E2F-4EE2-A0B5-AA78E568B934}.Release|x64.Build.0 = Release|Any CPU
		{66AA41D3-7E2F-4EE2-A0B5-AA78E568B934}.Release|x86.ActiveCfg = Release|Any CPU
		{66AA41D3-7E2F-4EE2-A0B5-AA78E568B934}.Release|x86.Build.0 = Release|Any CPU
		{4CC29807-7443-409D-9C3A-A04EE46C971B}.Debug|Any CPU.ActiveCfg = Debug|Any CPU
		{4CC29807-7443-409D-9C3A-A04EE46C971B}.Debug|Any CPU.Build.0 = Debug|Any CPU
		{4CC29807-7443-409D-9C3A-A04EE46C971B}.Debug|x64.ActiveCfg = Debug|Any CPU
		{4CC29807-7443-409D-9C3A-A04EE46C971B}.Debug|x64.Build.0 = Debug|Any CPU
		{4CC29807-7443-409D-9C3A-A04EE46C971B}.Debug|x86.ActiveCfg = Debug|Any CPU
		{4CC29807-7443-409D-9C3A-A04EE46C971B}.Debug|x86.Build.0 = Debug|Any CPU
		{4CC29807-7443-409D-9C3A-A04EE46C971B}.Release|Any CPU.ActiveCfg = Release|Any CPU
		{4CC29807-7443-409D-9C3A-A04EE46C971B}.Release|Any CPU.Build.0 = Release|Any CPU
		{4CC29807-7443-409D-9C3A-A04EE46C971B}.Release|x64.ActiveCfg = Release|Any CPU
		{4CC29807-7443-409D-9C3A-A04EE46C971B}.Release|x64.Build.0 = Release|Any CPU
		{4CC29807-7443-409D-9C3A-A04EE46C971B}.Release|x86.ActiveCfg = Release|Any CPU
		{4CC29807-7443-409D-9C3A-A04EE46C971B}.Release|x86.Build.0 = Release|Any CPU
		{92B413D8-F50E-4E6D-A174-E58ECEFF2E73}.Debug|Any CPU.ActiveCfg = Debug|Any CPU
		{92B413D8-F50E-4E6D-A174-E58ECEFF2E73}.Debug|Any CPU.Build.0 = Debug|Any CPU
		{92B413D8-F50E-4E6D-A174-E58ECEFF2E73}.Debug|x64.ActiveCfg = Debug|Any CPU
		{92B413D8-F50E-4E6D-A174-E58ECEFF2E73}.Debug|x64.Build.0 = Debug|Any CPU
		{92B413D8-F50E-4E6D-A174-E58ECEFF2E73}.Debug|x86.ActiveCfg = Debug|Any CPU
		{92B413D8-F50E-4E6D-A174-E58ECEFF2E73}.Debug|x86.Build.0 = Debug|Any CPU
		{92B413D8-F50E-4E6D-A174-E58ECEFF2E73}.Release|Any CPU.ActiveCfg = Release|Any CPU
		{92B413D8-F50E-4E6D-A174-E58ECEFF2E73}.Release|Any CPU.Build.0 = Release|Any CPU
		{92B413D8-F50E-4E6D-A174-E58ECEFF2E73}.Release|x64.ActiveCfg = Release|Any CPU
		{92B413D8-F50E-4E6D-A174-E58ECEFF2E73}.Release|x64.Build.0 = Release|Any CPU
		{92B413D8-F50E-4E6D-A174-E58ECEFF2E73}.Release|x86.ActiveCfg = Release|Any CPU
		{92B413D8-F50E-4E6D-A174-E58ECEFF2E73}.Release|x86.Build.0 = Release|Any CPU
		{80E3FEEB-CC58-4BF7-8A93-28687E792808}.Debug|Any CPU.ActiveCfg = Debug|Any CPU
		{80E3FEEB-CC58-4BF7-8A93-28687E792808}.Debug|Any CPU.Build.0 = Debug|Any CPU
		{80E3FEEB-CC58-4BF7-8A93-28687E792808}.Debug|x64.ActiveCfg = Debug|Any CPU
		{80E3FEEB-CC58-4BF7-8A93-28687E792808}.Debug|x64.Build.0 = Debug|Any CPU
		{80E3FEEB-CC58-4BF7-8A93-28687E792808}.Debug|x86.ActiveCfg = Debug|Any CPU
		{80E3FEEB-CC58-4BF7-8A93-28687E792808}.Debug|x86.Build.0 = Debug|Any CPU
		{80E3FEEB-CC58-4BF7-8A93-28687E792808}.Release|Any CPU.ActiveCfg = Release|Any CPU
		{80E3FEEB-CC58-4BF7-8A93-28687E792808}.Release|Any CPU.Build.0 = Release|Any CPU
		{80E3FEEB-CC58-4BF7-8A93-28687E792808}.Release|x64.ActiveCfg = Release|Any CPU
		{80E3FEEB-CC58-4BF7-8A93-28687E792808}.Release|x64.Build.0 = Release|Any CPU
		{80E3FEEB-CC58-4BF7-8A93-28687E792808}.Release|x86.ActiveCfg = Release|Any CPU
		{80E3FEEB-CC58-4BF7-8A93-28687E792808}.Release|x86.Build.0 = Release|Any CPU
	EndGlobalSection
	GlobalSection(NestedProjects) = preSolution
		{3F3C70AD-B6B5-457C-B4F7-86ED827ED1BC} = {F509CA01-4B42-4B11-9F37-0DAE4ACF271B}
		{8FE92013-F2CD-4A3E-8EC0-1E5C6F720B55} = {F509CA01-4B42-4B11-9F37-0DAE4ACF271B}
		{F2D61A4D-21E4-4250-931A-AA3F0FFB2D06} = {F509CA01-4B42-4B11-9F37-0DAE4ACF271B}
		{3FD15B6E-9AE9-4CE3-9FC6-658434B6ECBC} = {F509CA01-4B42-4B11-9F37-0DAE4ACF271B}
		{0FCB793D-134C-4C71-B635-702C7CE11EB2} = {2038EAB0-BB8D-4E49-9AF2-EA56DCBC7113}
		{66AA41D3-7E2F-4EE2-A0B5-AA78E568B934} = {2038EAB0-BB8D-4E49-9AF2-EA56DCBC7113}
		{4CC29807-7443-409D-9C3A-A04EE46C971B} = {2038EAB0-BB8D-4E49-9AF2-EA56DCBC7113}
		{92B413D8-F50E-4E6D-A174-E58ECEFF2E73} = {2038EAB0-BB8D-4E49-9AF2-EA56DCBC7113}
		{80E3FEEB-CC58-4BF7-8A93-28687E792808} = {2038EAB0-BB8D-4E49-9AF2-EA56DCBC7113}
	EndGlobalSection
EndGlobal
